
Microsoft Visual Studio Solution File, Format Version 12.00
# Visual Studio Version 16
VisualStudioVersion = 16.0.31702.278
MinimumVisualStudioVersion = 10.0.40219.1
Project("{FAE04EC0-301F-11D3-BF4B-00C04F79EFBC}") = "MyFirstWebForm", "MyFirstWebForm.csproj", "{F41CDE92-299B-45C3-A80F-37E742D059FD}"
EndProject
Global
	GlobalSection(SolutionConfigurationPlatforms) = preSolution
		Debug|Any CPU = Debug|Any CPU
		Release|Any CPU = Release|Any CPU
	EndGlobalSection
	GlobalSection(ProjectConfigurationPlatforms) = postSolution
		{F41CDE92-299B-45C3-A80F-37E742D059FD}.Debug|Any CPU.ActiveCfg = Debug|Any CPU
		{F41CDE92-299B-45C3-A80F-37E742D059FD}.Debug|Any CPU.Build.0 = Debug|Any CPU
		{F41CDE92-299B-45C3-A80F-37E742D059FD}.Release|Any CPU.ActiveCfg = Release|Any CPU
		{F41CDE92-299B-45C3-A80F-37E742D059FD}.Release|Any CPU.Build.0 = Release|Any CPU
	EndGlobalSection
	GlobalSection(SolutionProperties) = preSolution
		HideSolutionNode = FALSE
	EndGlobalSection
	GlobalSection(ExtensibilityGlobals) = postSolution
		SolutionGuid = {B430B976-6E44-4C67-ADCC-15A8765F79D5}
	EndGlobalSection
EndGlobal
